// !$*UTF8*$!
{
	archiveVersion = 1;
	classes = {
	};
	objectVersion = 56;
	objects = {

/* Begin PBXBuildFile section */
		7F6D4D262BF241A400424557 /* FurnitureStoreApp.swift in Sources */ = {isa = PBXBuildFile; fileRef = 7F6D4D252BF241A400424557 /* FurnitureStoreApp.swift */; };
		7F6D4D282BF241A400424557 /* ContentView.swift in Sources */ = {isa = PBXBuildFile; fileRef = 7F6D4D272BF241A400424557 /* ContentView.swift */; };
		7F6D4D2A2BF241A500424557 /* Assets.xcassets in Resources */ = {isa = PBXBuildFile; fileRef = 7F6D4D292BF241A500424557 /* Assets.xcassets */; };
		7F6D4D2D2BF241A500424557 /* Preview Assets.xcassets in Resources */ = {isa = PBXBuildFile; fileRef = 7F6D4D2C2BF241A500424557 /* Preview Assets.xcassets */; };
		7F6D4D342BF2421400424557 /* MainView.swift in Sources */ = {isa = PBXBuildFile; fileRef = 7F6D4D332BF2421400424557 /* MainView.swift */; };
		7F6D4D362BF2427A00424557 /* DetailsView.swift in Sources */ = {isa = PBXBuildFile; fileRef = 7F6D4D352BF2427A00424557 /* DetailsView.swift */; };
		7F6D4D382BF242A500424557 /* AuthorizationView.swift in Sources */ = {isa = PBXBuildFile; fileRef = 7F6D4D372BF242A500424557 /* AuthorizationView.swift */; };
		7F6D4D3A2BF242C300424557 /* AuthorizationViewModel.swift in Sources */ = {isa = PBXBuildFile; fileRef = 7F6D4D392BF242C300424557 /* AuthorizationViewModel.swift */; };
		7F6D4D3C2BF242EE00424557 /* VerificationView.swift in Sources */ = {isa = PBXBuildFile; fileRef = 7F6D4D3B2BF242EE00424557 /* VerificationView.swift */; };
		7F6D4D3E2BF2432000424557 /* VerificationViewModel.swift in Sources */ = {isa = PBXBuildFile; fileRef = 7F6D4D3D2BF2432000424557 /* VerificationViewModel.swift */; };
		7F6D4D402BF2432F00424557 /* CustomButton.swift in Sources */ = {isa = PBXBuildFile; fileRef = 7F6D4D3F2BF2432F00424557 /* CustomButton.swift */; };
		7F6D4D422BF2434500424557 /* CustomButtonProgressView.swift in Sources */ = {isa = PBXBuildFile; fileRef = 7F6D4D412BF2434500424557 /* CustomButtonProgressView.swift */; };
		7F6D4D442BF2435C00424557 /* ProfileView.swift in Sources */ = {isa = PBXBuildFile; fileRef = 7F6D4D432BF2435C00424557 /* ProfileView.swift */; };
		7F6D4D462BF2437900424557 /* ShopTabBarView.swift in Sources */ = {isa = PBXBuildFile; fileRef = 7F6D4D452BF2437900424557 /* ShopTabBarView.swift */; };
		7F6D4D482BF2438D00424557 /* PaymentView.swift in Sources */ = {isa = PBXBuildFile; fileRef = 7F6D4D472BF2438D00424557 /* PaymentView.swift */; };
		7F6D4D4A2BF243AD00424557 /* SecureTextFieldView.swift in Sources */ = {isa = PBXBuildFile; fileRef = 7F6D4D492BF243AD00424557 /* SecureTextFieldView.swift */; };
		7F6D4D4C2BF243C500424557 /* GoodModel.swift in Sources */ = {isa = PBXBuildFile; fileRef = 7F6D4D4B2BF243C500424557 /* GoodModel.swift */; };
		7F6D4D4E2BF243D400424557 /* GoodsView.swift in Sources */ = {isa = PBXBuildFile; fileRef = 7F6D4D4D2BF243D400424557 /* GoodsView.swift */; };
		7F6D4D502BF243EB00424557 /* GoodsViewModel.swift in Sources */ = {isa = PBXBuildFile; fileRef = 7F6D4D4F2BF243EB00424557 /* GoodsViewModel.swift */; };
		7F6D4D522BF2440500424557 /* BasketView.swift in Sources */ = {isa = PBXBuildFile; fileRef = 7F6D4D512BF2440500424557 /* BasketView.swift */; };
		7F6D4D542BF2441E00424557 /* FiltersView.swift in Sources */ = {isa = PBXBuildFile; fileRef = 7F6D4D532BF2441E00424557 /* FiltersView.swift */; };
		7F6D4D562BF2443800424557 /* FilterViewModel.swift in Sources */ = {isa = PBXBuildFile; fileRef = 7F6D4D552BF2443800424557 /* FilterViewModel.swift */; };
		7F6D4D582BF2445500424557 /* ViewExtension.swift in Sources */ = {isa = PBXBuildFile; fileRef = 7F6D4D572BF2445500424557 /* ViewExtension.swift */; };
		7F6D4D5A2BF2447900424557 /* ProfileModel.swift in Sources */ = {isa = PBXBuildFile; fileRef = 7F6D4D592BF2447900424557 /* ProfileModel.swift */; };
/* End PBXBuildFile section */

/* Begin PBXFileReference section */
		7F6D4D222BF241A400424557 /* FurnitureStore.app */ = {isa = PBXFileReference; explicitFileType = wrapper.application; includeInIndex = 0; path = FurnitureStore.app; sourceTree = BUILT_PRODUCTS_DIR; };
		7F6D4D252BF241A400424557 /* FurnitureStoreApp.swift */ = {isa = PBXFileReference; lastKnownFileType = sourcecode.swift; path = FurnitureStoreApp.swift; sourceTree = "<group>"; };
		7F6D4D272BF241A400424557 /* ContentView.swift */ = {isa = PBXFileReference; lastKnownFileType = sourcecode.swift; path = ContentView.swift; sourceTree = "<group>"; };
		7F6D4D292BF241A500424557 /* Assets.xcassets */ = {isa = PBXFileReference; lastKnownFileType = folder.assetcatalog; path = Assets.xcassets; sourceTree = "<group>"; };
		7F6D4D2C2BF241A500424557 /* Preview Assets.xcassets */ = {isa = PBXFileReference; lastKnownFileType = folder.assetcatalog; path = "Preview Assets.xcassets"; sourceTree = "<group>"; };
		7F6D4D332BF2421400424557 /* MainView.swift */ = {isa = PBXFileReference; lastKnownFileType = sourcecode.swift; path = MainView.swift; sourceTree = "<group>"; };
		7F6D4D352BF2427A00424557 /* DetailsView.swift */ = {isa = PBXFileReference; lastKnownFileType = sourcecode.swift; path = DetailsView.swift; sourceTree = "<group>"; };
		7F6D4D372BF242A500424557 /* AuthorizationView.swift */ = {isa = PBXFileReference; lastKnownFileType = sourcecode.swift; path = AuthorizationView.swift; sourceTree = "<group>"; };
		7F6D4D392BF242C300424557 /* AuthorizationViewModel.swift */ = {isa = PBXFileReference; lastKnownFileType = sourcecode.swift; path = AuthorizationViewModel.swift; sourceTree = "<group>"; };
		7F6D4D3B2BF242EE00424557 /* VerificationView.swift */ = {isa = PBXFileReference; lastKnownFileType = sourcecode.swift; path = VerificationView.swift; sourceTree = "<group>"; };
		7F6D4D3D2BF2432000424557 /* VerificationViewModel.swift */ = {isa = PBXFileReference; lastKnownFileType = sourcecode.swift; path = VerificationViewModel.swift; sourceTree = "<group>"; };
		7F6D4D3F2BF2432F00424557 /* CustomButton.swift */ = {isa = PBXFileReference; lastKnownFileType = sourcecode.swift; path = CustomButton.swift; sourceTree = "<group>"; };
		7F6D4D412BF2434500424557 /* CustomButtonProgressView.swift */ = {isa = PBXFileReference; lastKnownFileType = sourcecode.swift; path = CustomButtonProgressView.swift; sourceTree = "<group>"; };
		7F6D4D432BF2435C00424557 /* ProfileView.swift */ = {isa = PBXFileReference; lastKnownFileType = sourcecode.swift; path = ProfileView.swift; sourceTree = "<group>"; };
		7F6D4D452BF2437900424557 /* ShopTabBarView.swift */ = {isa = PBXFileReference; lastKnownFileType = sourcecode.swift; path = ShopTabBarView.swift; sourceTree = "<group>"; };
		7F6D4D472BF2438D00424557 /* PaymentView.swift */ = {isa = PBXFileReference; lastKnownFileType = sourcecode.swift; path = PaymentView.swift; sourceTree = "<group>"; };
		7F6D4D492BF243AD00424557 /* SecureTextFieldView.swift */ = {isa = PBXFileReference; lastKnownFileType = sourcecode.swift; path = SecureTextFieldView.swift; sourceTree = "<group>"; };
		7F6D4D4B2BF243C500424557 /* GoodModel.swift */ = {isa = PBXFileReference; lastKnownFileType = sourcecode.swift; path = GoodModel.swift; sourceTree = "<group>"; };
		7F6D4D4D2BF243D400424557 /* GoodsView.swift */ = {isa = PBXFileReference; lastKnownFileType = sourcecode.swift; path = GoodsView.swift; sourceTree = "<group>"; };
		7F6D4D4F2BF243EB00424557 /* GoodsViewModel.swift */ = {isa = PBXFileReference; lastKnownFileType = sourcecode.swift; path = GoodsViewModel.swift; sourceTree = "<group>"; };
		7F6D4D512BF2440500424557 /* BasketView.swift */ = {isa = PBXFileReference; lastKnownFileType = sourcecode.swift; path = BasketView.swift; sourceTree = "<group>"; };
		7F6D4D532BF2441E00424557 /* FiltersView.swift */ = {isa = PBXFileReference; lastKnownFileType = sourcecode.swift; path = FiltersView.swift; sourceTree = "<group>"; };
		7F6D4D552BF2443800424557 /* FilterViewModel.swift */ = {isa = PBXFileReference; lastKnownFileType = sourcecode.swift; path = FilterViewModel.swift; sourceTree = "<group>"; };
		7F6D4D572BF2445500424557 /* ViewExtension.swift */ = {isa = PBXFileReference; lastKnownFileType = sourcecode.swift; path = ViewExtension.swift; sourceTree = "<group>"; };
		7F6D4D592BF2447900424557 /* ProfileModel.swift */ = {isa = PBXFileReference; lastKnownFileType = sourcecode.swift; path = ProfileModel.swift; sourceTree = "<group>"; };
/* End PBXFileReference section */

/* Begin PBXFrameworksBuildPhase section */
		7F6D4D1F2BF241A400424557 /* Frameworks */ = {
			isa = PBXFrameworksBuildPhase;
			buildActionMask = 2147483647;
			files = (
			);
			runOnlyForDeploymentPostprocessing = 0;
		};
/* End PBXFrameworksBuildPhase section */

/* Begin PBXGroup section */
		7F6D4D192BF241A400424557 = {
			isa = PBXGroup;
			children = (
				7F6D4D242BF241A400424557 /* FurnitureStore */,
				7F6D4D232BF241A400424557 /* Products */,
			);
			sourceTree = "<group>";
		};
		7F6D4D232BF241A400424557 /* Products */ = {
			isa = PBXGroup;
			children = (
				7F6D4D222BF241A400424557 /* FurnitureStore.app */,
			);
			name = Products;
			sourceTree = "<group>";
		};
		7F6D4D242BF241A400424557 /* FurnitureStore */ = {
			isa = PBXGroup;
			children = (
				7F6D4D642BF2464B00424557 /* BasketModule */,
				7F6D4D632BF2463D00424557 /* Profile */,
				7F6D4D622BF2463000424557 /* PaymentModule */,
				7F6D4D612BF2461800424557 /* FilterModule */,
				7F6D4D602BF2460700424557 /* GoodsModule */,
				7F6D4D5F2BF245F400424557 /* DetailsModule */,
				7F6D4D5E2BF245EA00424557 /* MainModule */,
				7F6D4D5D2BF245C700424557 /* Helpers */,
				7F6D4D5C2BF245B500424557 /* VerificationModule */,
				7F6D4D5B2BF2459E00424557 /* AuthorizationModule */,
				7F6D4D252BF241A400424557 /* FurnitureStoreApp.swift */,
				7F6D4D272BF241A400424557 /* ContentView.swift */,
				7F6D4D292BF241A500424557 /* Assets.xcassets */,
				7F6D4D2B2BF241A500424557 /* Preview Content */,
			);
			path = FurnitureStore;
			sourceTree = "<group>";
		};
		7F6D4D2B2BF241A500424557 /* Preview Content */ = {
			isa = PBXGroup;
			children = (
				7F6D4D2C2BF241A500424557 /* Preview Assets.xcassets */,
			);
			path = "Preview Content";
			sourceTree = "<group>";
		};
		7F6D4D5B2BF2459E00424557 /* AuthorizationModule */ = {
			isa = PBXGroup;
			children = (
				7F6D4D372BF242A500424557 /* AuthorizationView.swift */,
				7F6D4D392BF242C300424557 /* AuthorizationViewModel.swift */,
			);
			path = AuthorizationModule;
			sourceTree = "<group>";
		};
		7F6D4D5C2BF245B500424557 /* VerificationModule */ = {
			isa = PBXGroup;
			children = (
				7F6D4D3D2BF2432000424557 /* VerificationViewModel.swift */,
				7F6D4D3B2BF242EE00424557 /* VerificationView.swift */,
			);
			path = VerificationModule;
			sourceTree = "<group>";
		};
		7F6D4D5D2BF245C700424557 /* Helpers */ = {
			isa = PBXGroup;
			children = (
				7F6D4D492BF243AD00424557 /* SecureTextFieldView.swift */,
				7F6D4D572BF2445500424557 /* ViewExtension.swift */,
				7F6D4D3F2BF2432F00424557 /* CustomButton.swift */,
				7F6D4D412BF2434500424557 /* CustomButtonProgressView.swift */,
			);
			path = Helpers;
			sourceTree = "<group>";
		};
		7F6D4D5E2BF245EA00424557 /* MainModule */ = {
			isa = PBXGroup;
			children = (
				7F6D4D452BF2437900424557 /* ShopTabBarView.swift */,
				7F6D4D332BF2421400424557 /* MainView.swift */,
			);
			path = MainModule;
			sourceTree = "<group>";
		};
		7F6D4D5F2BF245F400424557 /* DetailsModule */ = {
			isa = PBXGroup;
			children = (
				7F6D4D352BF2427A00424557 /* DetailsView.swift */,
			);
			path = DetailsModule;
			sourceTree = "<group>";
		};
		7F6D4D602BF2460700424557 /* GoodsModule */ = {
			isa = PBXGroup;
			children = (
				7F6D4D4D2BF243D400424557 /* GoodsView.swift */,
				7F6D4D4F2BF243EB00424557 /* GoodsViewModel.swift */,
				7F6D4D4B2BF243C500424557 /* GoodModel.swift */,
			);
			path = GoodsModule;
			sourceTree = "<group>";
		};
		7F6D4D612BF2461800424557 /* FilterModule */ = {
			isa = PBXGroup;
			children = (
				7F6D4D532BF2441E00424557 /* FiltersView.swift */,
				7F6D4D552BF2443800424557 /* FilterViewModel.swift */,
			);
			path = FilterModule;
			sourceTree = "<group>";
		};
		7F6D4D622BF2463000424557 /* PaymentModule */ = {
			isa = PBXGroup;
			children = (
				7F6D4D472BF2438D00424557 /* PaymentView.swift */,
			);
			path = PaymentModule;
			sourceTree = "<group>";
		};
		7F6D4D632BF2463D00424557 /* Profile */ = {
			isa = PBXGroup;
			children = (
				7F6D4D432BF2435C00424557 /* ProfileView.swift */,
				7F6D4D592BF2447900424557 /* ProfileModel.swift */,
			);
			path = Profile;
			sourceTree = "<group>";
		};
		7F6D4D642BF2464B00424557 /* BasketModule */ = {
			isa = PBXGroup;
			children = (
				7F6D4D512BF2440500424557 /* BasketView.swift */,
			);
			path = BasketModule;
			sourceTree = "<group>";
		};
/* End PBXGroup section */

/* Begin PBXNativeTarget section */
		7F6D4D212BF241A400424557 /* FurnitureStore */ = {
			isa = PBXNativeTarget;
			buildConfigurationList = 7F6D4D302BF241A500424557 /* Build configuration list for PBXNativeTarget "FurnitureStore" */;
			buildPhases = (
				7F6D4D1E2BF241A400424557 /* Sources */,
				7F6D4D1F2BF241A400424557 /* Frameworks */,
				7F6D4D202BF241A400424557 /* Resources */,
			);
			buildRules = (
			);
			dependencies = (
			);
			name = FurnitureStore;
			productName = FurnitureStore;
			productReference = 7F6D4D222BF241A400424557 /* FurnitureStore.app */;
			productType = "com.apple.product-type.application";
		};
/* End PBXNativeTarget section */

/* Begin PBXProject section */
		7F6D4D1A2BF241A400424557 /* Project object */ = {
			isa = PBXProject;
			attributes = {
				BuildIndependentTargetsInParallel = 1;
				LastSwiftUpdateCheck = 1500;
				LastUpgradeCheck = 1500;
				TargetAttributes = {
					7F6D4D212BF241A400424557 = {
						CreatedOnToolsVersion = 15.0.1;
					};
				};
			};
			buildConfigurationList = 7F6D4D1D2BF241A400424557 /* Build configuration list for PBXProject "FurnitureStore" */;
			compatibilityVersion = "Xcode 14.0";
			developmentRegion = en;
			hasScannedForEncodings = 0;
			knownRegions = (
				en,
				Base,
			);
			mainGroup = 7F6D4D192BF241A400424557;
			productRefGroup = 7F6D4D232BF241A400424557 /* Products */;
			projectDirPath = "";
			projectRoot = "";
			targets = (
				7F6D4D212BF241A400424557 /* FurnitureStore */,
			);
		};
/* End PBXProject section */

/* Begin PBXResourcesBuildPhase section */
		7F6D4D202BF241A400424557 /* Resources */ = {
			isa = PBXResourcesBuildPhase;
			buildActionMask = 2147483647;
			files = (
				7F6D4D2D2BF241A500424557 /* Preview Assets.xcassets in Resources */,
				7F6D4D2A2BF241A500424557 /* Assets.xcassets in Resources */,
			);
			runOnlyForDeploymentPostprocessing = 0;
		};
/* End PBXResourcesBuildPhase section */

/* Begin PBXSourcesBuildPhase section */
		7F6D4D1E2BF241A400424557 /* Sources */ = {
			isa = PBXSourcesBuildPhase;
			buildActionMask = 2147483647;
			files = (
				7F6D4D522BF2440500424557 /* BasketView.swift in Sources */,
				7F6D4D4C2BF243C500424557 /* GoodModel.swift in Sources */,
				7F6D4D562BF2443800424557 /* FilterViewModel.swift in Sources */,
				7F6D4D5A2BF2447900424557 /* ProfileModel.swift in Sources */,
				7F6D4D582BF2445500424557 /* ViewExtension.swift in Sources */,
				7F6D4D4E2BF243D400424557 /* GoodsView.swift in Sources */,
				7F6D4D3A2BF242C300424557 /* AuthorizationViewModel.swift in Sources */,
				7F6D4D282BF241A400424557 /* ContentView.swift in Sources */,
				7F6D4D402BF2432F00424557 /* CustomButton.swift in Sources */,
				7F6D4D362BF2427A00424557 /* DetailsView.swift in Sources */,
				7F6D4D462BF2437900424557 /* ShopTabBarView.swift in Sources */,
				7F6D4D342BF2421400424557 /* MainView.swift in Sources */,
				7F6D4D382BF242A500424557 /* AuthorizationView.swift in Sources */,
				7F6D4D542BF2441E00424557 /* FiltersView.swift in Sources */,
				7F6D4D3E2BF2432000424557 /* VerificationViewModel.swift in Sources */,
				7F6D4D262BF241A400424557 /* FurnitureStoreApp.swift in Sources */,
				7F6D4D4A2BF243AD00424557 /* SecureTextFieldView.swift in Sources */,
				7F6D4D422BF2434500424557 /* CustomButtonProgressView.swift in Sources */,
				7F6D4D442BF2435C00424557 /* ProfileView.swift in Sources */,
				7F6D4D502BF243EB00424557 /* GoodsViewModel.swift in Sources */,
				7F6D4D3C2BF242EE00424557 /* VerificationView.swift in Sources */,
				7F6D4D482BF2438D00424557 /* PaymentView.swift in Sources */,
			);
			runOnlyForDeploymentPostprocessing = 0;
		};
/* End PBXSourcesBuildPhase section */

/* Begin XCBuildConfiguration section */
		7F6D4D2E2BF241A500424557 /* Debug */ = {
			isa = XCBuildConfiguration;
			buildSettings = {
				ALWAYS_SEARCH_USER_PATHS = NO;
				ASSETCATALOG_COMPILER_GENERATE_SWIFT_ASSET_SYMBOL_EXTENSIONS = YES;
				CLANG_ANALYZER_NONNULL = YES;
				CLANG_ANALYZER_NUMBER_OBJECT_CONVERSION = YES_AGGRESSIVE;
				CLANG_CXX_LANGUAGE_STANDARD = "gnu++20";
				CLANG_ENABLE_MODULES = YES;
				CLANG_ENABLE_OBJC_ARC = YES;
				CLANG_ENABLE_OBJC_WEAK = YES;
				CLANG_WARN_BLOCK_CAPTURE_AUTORELEASING = YES;
				CLANG_WARN_BOOL_CONVERSION = YES;
				CLANG_WARN_COMMA = YES;
				CLANG_WARN_CONSTANT_CONVERSION = YES;
				CLANG_WARN_DEPRECATED_OBJC_IMPLEMENTATIONS = YES;
				CLANG_WARN_DIRECT_OBJC_ISA_USAGE = YES_ERROR;
				CLANG_WARN_DOCUMENTATION_COMMENTS = YES;
				CLANG_WARN_EMPTY_BODY = YES;
				CLANG_WARN_ENUM_CONVERSION = YES;
				CLANG_WARN_INFINITE_RECURSION = YES;
				CLANG_WARN_INT_CONVERSION = YES;
				CLANG_WARN_NON_LITERAL_NULL_CONVERSION = YES;
				CLANG_WARN_OBJC_IMPLICIT_RETAIN_SELF = YES;
				CLANG_WARN_OBJC_LITERAL_CONVERSION = YES;
				CLANG_WARN_OBJC_ROOT_CLASS = YES_ERROR;
				CLANG_WARN_QUOTED_INCLUDE_IN_FRAMEWORK_HEADER = YES;
				CLANG_WARN_RANGE_LOOP_ANALYSIS = YES;
				CLANG_WARN_STRICT_PROTOTYPES = YES;
				CLANG_WARN_SUSPICIOUS_MOVE = YES;
				CLANG_WARN_UNGUARDED_AVAILABILITY = YES_AGGRESSIVE;
				CLANG_WARN_UNREACHABLE_CODE = YES;
				CLANG_WARN__DUPLICATE_METHOD_MATCH = YES;
				COPY_PHASE_STRIP = NO;
				DEBUG_INFORMATION_FORMAT = dwarf;
				ENABLE_STRICT_OBJC_MSGSEND = YES;
				ENABLE_TESTABILITY = YES;
				ENABLE_USER_SCRIPT_SANDBOXING = YES;
				GCC_C_LANGUAGE_STANDARD = gnu17;
				GCC_DYNAMIC_NO_PIC = NO;
				GCC_NO_COMMON_BLOCKS = YES;
				GCC_OPTIMIZATION_LEVEL = 0;
				GCC_PREPROCESSOR_DEFINITIONS = (
					"DEBUG=1",
					"$(inherited)",
				);
				GCC_WARN_64_TO_32_BIT_CONVERSION = YES;
				GCC_WARN_ABOUT_RETURN_TYPE = YES_ERROR;
				GCC_WARN_UNDECLARED_SELECTOR = YES;
				GCC_WARN_UNINITIALIZED_AUTOS = YES_AGGRESSIVE;
				GCC_WARN_UNUSED_FUNCTION = YES;
				GCC_WARN_UNUSED_VARIABLE = YES;
				IPHONEOS_DEPLOYMENT_TARGET = 17.0;
				LOCALIZATION_PREFERS_STRING_CATALOGS = YES;
				MTL_ENABLE_DEBUG_INFO = INCLUDE_SOURCE;
				MTL_FAST_MATH = YES;
				ONLY_ACTIVE_ARCH = YES;
				SDKROOT = iphoneos;
				SWIFT_ACTIVE_COMPILATION_CONDITIONS = "DEBUG $(inherited)";
				SWIFT_OPTIMIZATION_LEVEL = "-Onone";
			};
			name = Debug;
		};
		7F6D4D2F2BF241A500424557 /* Release */ = {
			isa = XCBuildConfiguration;
			buildSettings = {
				ALWAYS_SEARCH_USER_PATHS = NO;
				ASSETCATALOG_COMPILER_GENERATE_SWIFT_ASSET_SYMBOL_EXTENSIONS = YES;
				CLANG_ANALYZER_NONNULL = YES;
				CLANG_ANALYZER_NUMBER_OBJECT_CONVERSION = YES_AGGRESSIVE;
				CLANG_CXX_LANGUAGE_STANDARD = "gnu++20";
				CLANG_ENABLE_MODULES = YES;
				CLANG_ENABLE_OBJC_ARC = YES;
				CLANG_ENABLE_OBJC_WEAK = YES;
				CLANG_WARN_BLOCK_CAPTURE_AUTORELEASING = YES;
				CLANG_WARN_BOOL_CONVERSION = YES;
				CLANG_WARN_COMMA = YES;
				CLANG_WARN_CONSTANT_CONVERSION = YES;
				CLANG_WARN_DEPRECATED_OBJC_IMPLEMENTATIONS = YES;
				CLANG_WARN_DIRECT_OBJC_ISA_USAGE = YES_ERROR;
				CLANG_WARN_DOCUMENTATION_COMMENTS = YES;
				CLANG_WARN_EMPTY_BODY = YES;
				CLANG_WARN_ENUM_CONVERSION = YES;
				CLANG_WARN_INFINITE_RECURSION = YES;
				CLANG_WARN_INT_CONVERSION = YES;
				CLANG_WARN_NON_LITERAL_NULL_CONVERSION = YES;
				CLANG_WARN_OBJC_IMPLICIT_RETAIN_SELF = YES;
				CLANG_WARN_OBJC_LITERAL_CONVERSION = YES;
				CLANG_WARN_OBJC_ROOT_CLASS = YES_ERROR;
				CLANG_WARN_QUOTED_INCLUDE_IN_FRAMEWORK_HEADER = YES;
				CLANG_WARN_RANGE_LOOP_ANALYSIS = YES;
				CLANG_WARN_STRICT_PROTOTYPES = YES;
				CLANG_WARN_SUSPICIOUS_MOVE = YES;
				CLANG_WARN_UNGUARDED_AVAILABILITY = YES_AGGRESSIVE;
				CLANG_WARN_UNREACHABLE_CODE = YES;
				CLANG_WARN__DUPLICATE_METHOD_MATCH = YES;
				COPY_PHASE_STRIP = NO;
				DEBUG_INFORMATION_FORMAT = "dwarf-with-dsym";
				ENABLE_NS_ASSERTIONS = NO;
				ENABLE_STRICT_OBJC_MSGSEND = YES;
				ENABLE_USER_SCRIPT_SANDBOXING = YES;
				GCC_C_LANGUAGE_STANDARD = gnu17;
				GCC_NO_COMMON_BLOCKS = YES;
				GCC_WARN_64_TO_32_BIT_CONVERSION = YES;
				GCC_WARN_ABOUT_RETURN_TYPE = YES_ERROR;
				GCC_WARN_UNDECLARED_SELECTOR = YES;
				GCC_WARN_UNINITIALIZED_AUTOS = YES_AGGRESSIVE;
				GCC_WARN_UNUSED_FUNCTION = YES;
				GCC_WARN_UNUSED_VARIABLE = YES;
				IPHONEOS_DEPLOYMENT_TARGET = 17.0;
				LOCALIZATION_PREFERS_STRING_CATALOGS = YES;
				MTL_ENABLE_DEBUG_INFO = NO;
				MTL_FAST_MATH = YES;
				SDKROOT = iphoneos;
				SWIFT_COMPILATION_MODE = wholemodule;
				VALIDATE_PRODUCT = YES;
			};
			name = Release;
		};
		7F6D4D312BF241A500424557 /* Debug */ = {
			isa = XCBuildConfiguration;
			buildSettings = {
				ASSETCATALOG_COMPILER_APPICON_NAME = AppIcon;
				ASSETCATALOG_COMPILER_GLOBAL_ACCENT_COLOR_NAME = AccentColor;
				CODE_SIGN_STYLE = Automatic;
				CURRENT_PROJECT_VERSION = 1;
				DEVELOPMENT_ASSET_PATHS = "\"FurnitureStore/Preview Content\"";
				ENABLE_PREVIEWS = YES;
				GENERATE_INFOPLIST_FILE = YES;
				INFOPLIST_KEY_UIApplicationSceneManifest_Generation = YES;
				INFOPLIST_KEY_UIApplicationSupportsIndirectInputEvents = YES;
				INFOPLIST_KEY_UILaunchScreen_Generation = YES;
				INFOPLIST_KEY_UISupportedInterfaceOrientations_iPad = "UIInterfaceOrientationPortrait UIInterfaceOrientationPortraitUpsideDown UIInterfaceOrientationLandscapeLeft UIInterfaceOrientationLandscapeRight";
				INFOPLIST_KEY_UISupportedInterfaceOrientations_iPhone = "UIInterfaceOrientationPortrait UIInterfaceOrientationLandscapeLeft UIInterfaceOrientationLandscapeRight";
				LD_RUNPATH_SEARCH_PATHS = (
					"$(inherited)",
					"@executable_path/Frameworks",
				);
				MARKETING_VERSION = 1.0;
				PRODUCT_BUNDLE_IDENTIFIER = adad.FurnitureStore;
				PRODUCT_NAME = "$(TARGET_NAME)";
				SWIFT_EMIT_LOC_STRINGS = YES;
				SWIFT_VERSION = 5.0;
				TARGETED_DEVICE_FAMILY = "1,2";
			};
			name = Debug;
		};
		7F6D4D322BF241A500424557 /* Release */ = {
			isa = XCBuildConfiguration;
			buildSettings = {
				ASSETCATALOG_COMPILER_APPICON_NAME = AppIcon;
				ASSETCATALOG_COMPILER_GLOBAL_ACCENT_COLOR_NAME = AccentColor;
				CODE_SIGN_STYLE = Automatic;
				CURRENT_PROJECT_VERSION = 1;
				DEVELOPMENT_ASSET_PATHS = "\"FurnitureStore/Preview Content\"";
				ENABLE_PREVIEWS = YES;
				GENERATE_INFOPLIST_FILE = YES;
				INFOPLIST_KEY_UIApplicationSceneManifest_Generation = YES;
				INFOPLIST_KEY_UIApplicationSupportsIndirectInputEvents = YES;
				INFOPLIST_KEY_UILaunchScreen_Generation = YES;
				INFOPLIST_KEY_UISupportedInterfaceOrientations_iPad = "UIInterfaceOrientationPortrait UIInterfaceOrientationPortraitUpsideDown UIInterfaceOrientationLandscapeLeft UIInterfaceOrientationLandscapeRight";
				INFOPLIST_KEY_UISupportedInterfaceOrientations_iPhone = "UIInterfaceOrientationPortrait UIInterfaceOrientationLandscapeLeft UIInterfaceOrientationLandscapeRight";
				LD_RUNPATH_SEARCH_PATHS = (
					"$(inherited)",
					"@executable_path/Frameworks",
				);
				MARKETING_VERSION = 1.0;
				PRODUCT_BUNDLE_IDENTIFIER = adad.FurnitureStore;
				PRODUCT_NAME = "$(TARGET_NAME)";
				SWIFT_EMIT_LOC_STRINGS = YES;
				SWIFT_VERSION = 5.0;
				TARGETED_DEVICE_FAMILY = "1,2";
			};
			name = Release;
		};
/* End XCBuildConfiguration section */

/* Begin XCConfigurationList section */
		7F6D4D1D2BF241A400424557 /* Build configuration list for PBXProject "FurnitureStore" */ = {
			isa = XCConfigurationList;
			buildConfigurations = (
				7F6D4D2E2BF241A500424557 /* Debug */,
				7F6D4D2F2BF241A500424557 /* Release */,
			);
			defaultConfigurationIsVisible = 0;
			defaultConfigurationName = Release;
		};
		7F6D4D302BF241A500424557 /* Build configuration list for PBXNativeTarget "FurnitureStore" */ = {
			isa = XCConfigurationList;
			buildConfigurations = (
				7F6D4D312BF241A500424557 /* Debug */,
				7F6D4D322BF241A500424557 /* Release */,
			);
			defaultConfigurationIsVisible = 0;
			defaultConfigurationName = Release;
		};
/* End XCConfigurationList section */
	};
	rootObject = 7F6D4D1A2BF241A400424557 /* Project object */;
}
